
Microsoft Visual Studio Solution File, Format Version 12.00
# Visual Studio Version 17
VisualStudioVersion = 17.3.32825.248
MinimumVisualStudioVersion = 10.0.40219.1
Project("{FAE04EC0-301F-11D3-BF4B-00C04F79EFBC}") = "Employee2", "Employee2\Employee2.csproj", "{996E52F6-9047-466C-8661-919ED23EDE81}"
EndProject
Global
	GlobalSection(SolutionConfigurationPlatforms) = preSolution
		Debug|Any CPU = Debug|Any CPU
		Release|Any CPU = Release|Any CPU
	EndGlobalSection
	GlobalSection(ProjectConfigurationPlatforms) = postSolution
		{996E52F6-9047-466C-8661-919ED23EDE81}.Debug|Any CPU.ActiveCfg = Debug|Any CPU
		{996E52F6-9047-466C-8661-919ED23EDE81}.Debug|Any CPU.Build.0 = Debug|Any CPU
		{996E52F6-9047-466C-8661-919ED23EDE81}.Release|Any CPU.ActiveCfg = Release|Any CPU
		{996E52F6-9047-466C-8661-919ED23EDE81}.Release|Any CPU.Build.0 = Release|Any CPU
	EndGlobalSection
	GlobalSection(SolutionProperties) = preSolution
		HideSolutionNode = FALSE
	EndGlobalSection
	GlobalSection(ExtensibilityGlobals) = postSolution
		SolutionGuid = {11FB0A8D-D45E-4FD3-AD37-FDF9004AB4BC}
	EndGlobalSection
EndGlobal
